// !$*UTF8*$!
{
	archiveVersion = 1;
	classes = {
	};
	objectVersion = 50;
	objects = {

/* Begin PBXBuildFile section */
		AE024A34261526A90005FADC /* AppDelegate.swift in Sources */ = {isa = PBXBuildFile; fileRef = AE024A33261526A90005FADC /* AppDelegate.swift */; };
		AE024A36261526A90005FADC /* SceneDelegate.swift in Sources */ = {isa = PBXBuildFile; fileRef = AE024A35261526A90005FADC /* SceneDelegate.swift */; };
		AE024A38261526A90005FADC /* ViewController.swift in Sources */ = {isa = PBXBuildFile; fileRef = AE024A37261526A90005FADC /* ViewController.swift */; };
		AE024A3B261526A90005FADC /* Main.storyboard in Resources */ = {isa = PBXBuildFile; fileRef = AE024A39261526A90005FADC /* Main.storyboard */; };
		AE024A3D261526AC0005FADC /* Assets.xcassets in Resources */ = {isa = PBXBuildFile; fileRef = AE024A3C261526AC0005FADC /* Assets.xcassets */; };
		AE024A40261526AC0005FADC /* LaunchScreen.storyboard in Resources */ = {isa = PBXBuildFile; fileRef = AE024A3E261526AC0005FADC /* LaunchScreen.storyboard */; };
		AE024A4B261526AC0005FADC /* TabBarControllerTests.swift in Sources */ = {isa = PBXBuildFile; fileRef = AE024A4A261526AC0005FADC /* TabBarControllerTests.swift */; };
		AE024A56261526AD0005FADC /* TabBarControllerUITests.swift in Sources */ = {isa = PBXBuildFile; fileRef = AE024A55261526AC0005FADC /* TabBarControllerUITests.swift */; };
		AE024A67261527C30005FADC /* CustomTabBar.swift in Sources */ = {isa = PBXBuildFile; fileRef = AE024A66261527C30005FADC /* CustomTabBar.swift */; };
		AE024A6C26152C750005FADC /* CALayer+ColorExtensions.swift in Sources */ = {isa = PBXBuildFile; fileRef = AE024A6B26152C750005FADC /* CALayer+ColorExtensions.swift */; };
		AE024A71261531870005FADC /* MyTabBarController.swift in Sources */ = {isa = PBXBuildFile; fileRef = AE024A70261531870005FADC /* MyTabBarController.swift */; };
		AE2A6B682627B1E300C14E74 /* CustomPolygons.swift in Sources */ = {isa = PBXBuildFile; fileRef = AE2A6B672627B1E200C14E74 /* CustomPolygons.swift */; };
		AE4A9F172617F158009704BA /* ShapeWithTabView.swift in Sources */ = {isa = PBXBuildFile; fileRef = AE4A9F162617F158009704BA /* ShapeWithTabView.swift */; };
/* End PBXBuildFile section */

/* Begin PBXContainerItemProxy section */
		AE024A47261526AC0005FADC /* PBXContainerItemProxy */ = {
			isa = PBXContainerItemProxy;
			containerPortal = AE024A28261526A90005FADC /* Project object */;
			proxyType = 1;
			remoteGlobalIDString = AE024A2F261526A90005FADC;
			remoteInfo = TabBarController;
		};
		AE024A52261526AC0005FADC /* PBXContainerItemProxy */ = {
			isa = PBXContainerItemProxy;
			containerPortal = AE024A28261526A90005FADC /* Project object */;
			proxyType = 1;
			remoteGlobalIDString = AE024A2F261526A90005FADC;
			remoteInfo = TabBarController;
		};
/* End PBXContainerItemProxy section */

/* Begin PBXFileReference section */
		AE024A30261526A90005FADC /* TabBarController.app */ = {isa = PBXFileReference; explicitFileType = wrapper.application; includeInIndex = 0; path = TabBarController.app; sourceTree = BUILT_PRODUCTS_DIR; };
		AE024A33261526A90005FADC /* AppDelegate.swift */ = {isa = PBXFileReference; lastKnownFileType = sourcecode.swift; path = AppDelegate.swift; sourceTree = "<group>"; };
		AE024A35261526A90005FADC /* SceneDelegate.swift */ = {isa = PBXFileReference; lastKnownFileType = sourcecode.swift; path = SceneDelegate.swift; sourceTree = "<group>"; };
		AE024A37261526A90005FADC /* ViewController.swift */ = {isa = PBXFileReference; lastKnownFileType = sourcecode.swift; path = ViewController.swift; sourceTree = "<group>"; };
		AE024A3A261526A90005FADC /* Base */ = {isa = PBXFileReference; lastKnownFileType = file.storyboard; name = Base; path = Base.lproj/Main.storyboard; sourceTree = "<group>"; };
		AE024A3C261526AC0005FADC /* Assets.xcassets */ = {isa = PBXFileReference; lastKnownFileType = folder.assetcatalog; path = Assets.xcassets; sourceTree = "<group>"; };
		AE024A3F261526AC0005FADC /* Base */ = {isa = PBXFileReference; lastKnownFileType = file.storyboard; name = Base; path = Base.lproj/LaunchScreen.storyboard; sourceTree = "<group>"; };
		AE024A41261526AC0005FADC /* Info.plist */ = {isa = PBXFileReference; lastKnownFileType = text.plist.xml; path = Info.plist; sourceTree = "<group>"; };
		AE024A46261526AC0005FADC /* TabBarControllerTests.xctest */ = {isa = PBXFileReference; explicitFileType = wrapper.cfbundle; includeInIndex = 0; path = TabBarControllerTests.xctest; sourceTree = BUILT_PRODUCTS_DIR; };
		AE024A4A261526AC0005FADC /* TabBarControllerTests.swift */ = {isa = PBXFileReference; lastKnownFileType = sourcecode.swift; path = TabBarControllerTests.swift; sourceTree = "<group>"; };
		AE024A4C261526AC0005FADC /* Info.plist */ = {isa = PBXFileReference; lastKnownFileType = text.plist.xml; path = Info.plist; sourceTree = "<group>"; };
		AE024A51261526AC0005FADC /* TabBarControllerUITests.xctest */ = {isa = PBXFileReference; explicitFileType = wrapper.cfbundle; includeInIndex = 0; path = TabBarControllerUITests.xctest; sourceTree = BUILT_PRODUCTS_DIR; };
		AE024A55261526AC0005FADC /* TabBarControllerUITests.swift */ = {isa = PBXFileReference; lastKnownFileType = sourcecode.swift; path = TabBarControllerUITests.swift; sourceTree = "<group>"; };
		AE024A57261526AD0005FADC /* Info.plist */ = {isa = PBXFileReference; lastKnownFileType = text.plist.xml; path = Info.plist; sourceTree = "<group>"; };
		AE024A66261527C30005FADC /* CustomTabBar.swift */ = {isa = PBXFileReference; lastKnownFileType = sourcecode.swift; path = CustomTabBar.swift; sourceTree = "<group>"; };
		AE024A6B26152C750005FADC /* CALayer+ColorExtensions.swift */ = {isa = PBXFileReference; lastKnownFileType = sourcecode.swift; path = "CALayer+ColorExtensions.swift"; sourceTree = "<group>"; };
		AE024A70261531870005FADC /* MyTabBarController.swift */ = {isa = PBXFileReference; lastKnownFileType = sourcecode.swift; path = MyTabBarController.swift; sourceTree = "<group>"; };
		AE2A6B672627B1E200C14E74 /* CustomPolygons.swift */ = {isa = PBXFileReference; lastKnownFileType = sourcecode.swift; path = CustomPolygons.swift; sourceTree = "<group>"; };
		AE4A9F162617F158009704BA /* ShapeWithTabView.swift */ = {isa = PBXFileReference; fileEncoding = 4; lastKnownFileType = sourcecode.swift; path = ShapeWithTabView.swift; sourceTree = "<group>"; };
/* End PBXFileReference section */

/* Begin PBXFrameworksBuildPhase section */
		AE024A2D261526A90005FADC /* Frameworks */ = {
			isa = PBXFrameworksBuildPhase;
			buildActionMask = 2147483647;
			files = (
			);
			runOnlyForDeploymentPostprocessing = 0;
		};
		AE024A43261526AC0005FADC /* Frameworks */ = {
			isa = PBXFrameworksBuildPhase;
			buildActionMask = 2147483647;
			files = (
			);
			runOnlyForDeploymentPostprocessing = 0;
		};
		AE024A4E261526AC0005FADC /* Frameworks */ = {
			isa = PBXFrameworksBuildPhase;
			buildActionMask = 2147483647;
			files = (
			);
			runOnlyForDeploymentPostprocessing = 0;
		};
/* End PBXFrameworksBuildPhase section */

/* Begin PBXGroup section */
		AE024A27261526A90005FADC = {
			isa = PBXGroup;
			children = (
				AE024A32261526A90005FADC /* TabBarController */,
				AE024A49261526AC0005FADC /* TabBarControllerTests */,
				AE024A54261526AC0005FADC /* TabBarControllerUITests */,
				AE024A31261526A90005FADC /* Products */,
			);
			sourceTree = "<group>";
		};
		AE024A31261526A90005FADC /* Products */ = {
			isa = PBXGroup;
			children = (
				AE024A30261526A90005FADC /* TabBarController.app */,
				AE024A46261526AC0005FADC /* TabBarControllerTests.xctest */,
				AE024A51261526AC0005FADC /* TabBarControllerUITests.xctest */,
			);
			name = Products;
			sourceTree = "<group>";
		};
		AE024A32261526A90005FADC /* TabBarController */ = {
			isa = PBXGroup;
			children = (
				AE024A33261526A90005FADC /* AppDelegate.swift */,
				AE024A70261531870005FADC /* MyTabBarController.swift */,
				AE024A35261526A90005FADC /* SceneDelegate.swift */,
				AE024A37261526A90005FADC /* ViewController.swift */,
				AE024A39261526A90005FADC /* Main.storyboard */,
				AE024A6B26152C750005FADC /* CALayer+ColorExtensions.swift */,
				AE4A9F162617F158009704BA /* ShapeWithTabView.swift */,
				AE024A66261527C30005FADC /* CustomTabBar.swift */,
				AE2A6B672627B1E200C14E74 /* CustomPolygons.swift */,
				AE024A3C261526AC0005FADC /* Assets.xcassets */,
				AE024A3E261526AC0005FADC /* LaunchScreen.storyboard */,
				AE024A41261526AC0005FADC /* Info.plist */,
			);
			path = TabBarController;
			sourceTree = "<group>";
		};
		AE024A49261526AC0005FADC /* TabBarControllerTests */ = {
			isa = PBXGroup;
			children = (
				AE024A4A261526AC0005FADC /* TabBarControllerTests.swift */,
				AE024A4C261526AC0005FADC /* Info.plist */,
			);
			path = TabBarControllerTests;
			sourceTree = "<group>";
		};
		AE024A54261526AC0005FADC /* TabBarControllerUITests */ = {
			isa = PBXGroup;
			children = (
				AE024A55261526AC0005FADC /* TabBarControllerUITests.swift */,
				AE024A57261526AD0005FADC /* Info.plist */,
			);
			path = TabBarControllerUITests;
			sourceTree = "<group>";
		};
/* End PBXGroup section */

/* Begin PBXNativeTarget section */
		AE024A2F261526A90005FADC /* TabBarController */ = {
			isa = PBXNativeTarget;
			buildConfigurationList = AE024A5A261526AD0005FADC /* Build configuration list for PBXNativeTarget "TabBarController" */;
			buildPhases = (
				AE024A2C261526A90005FADC /* Sources */,
				AE024A2D261526A90005FADC /* Frameworks */,
				AE024A2E261526A90005FADC /* Resources */,
			);
			buildRules = (
			);
			dependencies = (
			);
			name = TabBarController;
			productName = TabBarController;
			productReference = AE024A30261526A90005FADC /* TabBarController.app */;
			productType = "com.apple.product-type.application";
		};
		AE024A45261526AC0005FADC /* TabBarControllerTests */ = {
			isa = PBXNativeTarget;
			buildConfigurationList = AE024A5D261526AD0005FADC /* Build configuration list for PBXNativeTarget "TabBarControllerTests" */;
			buildPhases = (
				AE024A42261526AC0005FADC /* Sources */,
				AE024A43261526AC0005FADC /* Frameworks */,
				AE024A44261526AC0005FADC /* Resources */,
			);
			buildRules = (
			);
			dependencies = (
				AE024A48261526AC0005FADC /* PBXTargetDependency */,
			);
			name = TabBarControllerTests;
			productName = TabBarControllerTests;
			productReference = AE024A46261526AC0005FADC /* TabBarControllerTests.xctest */;
			productType = "com.apple.product-type.bundle.unit-test";
		};
		AE024A50261526AC0005FADC /* TabBarControllerUITests */ = {
			isa = PBXNativeTarget;
			buildConfigurationList = AE024A60261526AD0005FADC /* Build configuration list for PBXNativeTarget "TabBarControllerUITests" */;
			buildPhases = (
				AE024A4D261526AC0005FADC /* Sources */,
				AE024A4E261526AC0005FADC /* Frameworks */,
				AE024A4F261526AC0005FADC /* Resources */,
			);
			buildRules = (
			);
			dependencies = (
				AE024A53261526AC0005FADC /* PBXTargetDependency */,
			);
			name = TabBarControllerUITests;
			productName = TabBarControllerUITests;
			productReference = AE024A51261526AC0005FADC /* TabBarControllerUITests.xctest */;
			productType = "com.apple.product-type.bundle.ui-testing";
		};
/* End PBXNativeTarget section */

/* Begin PBXProject section */
		AE024A28261526A90005FADC /* Project object */ = {
			isa = PBXProject;
			attributes = {
				LastSwiftUpdateCheck = 1240;
				LastUpgradeCheck = 1240;
				TargetAttributes = {
					AE024A2F261526A90005FADC = {
						CreatedOnToolsVersion = 12.4;
					};
					AE024A45261526AC0005FADC = {
						CreatedOnToolsVersion = 12.4;
						TestTargetID = AE024A2F261526A90005FADC;
					};
					AE024A50261526AC0005FADC = {
						CreatedOnToolsVersion = 12.4;
						TestTargetID = AE024A2F261526A90005FADC;
					};
				};
			};
			buildConfigurationList = AE024A2B261526A90005FADC /* Build configuration list for PBXProject "TabBarController" */;
			compatibilityVersion = "Xcode 9.3";
			developmentRegion = en;
			hasScannedForEncodings = 0;
			knownRegions = (
				en,
				Base,
			);
			mainGroup = AE024A27261526A90005FADC;
			productRefGroup = AE024A31261526A90005FADC /* Products */;
			projectDirPath = "";
			projectRoot = "";
			targets = (
				AE024A2F261526A90005FADC /* TabBarController */,
				AE024A45261526AC0005FADC /* TabBarControllerTests */,
				AE024A50261526AC0005FADC /* TabBarControllerUITests */,
			);
		};
/* End PBXProject section */

/* Begin PBXResourcesBuildPhase section */
		AE024A2E261526A90005FADC /* Resources */ = {
			isa = PBXResourcesBuildPhase;
			buildActionMask = 2147483647;
			files = (
				AE024A40261526AC0005FADC /* LaunchScreen.storyboard in Resources */,
				AE024A3D261526AC0005FADC /* Assets.xcassets in Resources */,
				AE024A3B261526A90005FADC /* Main.storyboard in Resources */,
			);
			runOnlyForDeploymentPostprocessing = 0;
		};
		AE024A44261526AC0005FADC /* Resources */ = {
			isa = PBXResourcesBuildPhase;
			buildActionMask = 2147483647;
			files = (
			);
			runOnlyForDeploymentPostprocessing = 0;
		};
		AE024A4F261526AC0005FADC /* Resources */ = {
			isa = PBXResourcesBuildPhase;
			buildActionMask = 2147483647;
			files = (
			);
			runOnlyForDeploymentPostprocessing = 0;
		};
/* End PBXResourcesBuildPhase section */

/* Begin PBXSourcesBuildPhase section */
		AE024A2C261526A90005FADC /* Sources */ = {
			isa = PBXSourcesBuildPhase;
			buildActionMask = 2147483647;
			files = (
				AE024A6C26152C750005FADC /* CALayer+ColorExtensions.swift in Sources */,
				AE024A67261527C30005FADC /* CustomTabBar.swift in Sources */,
				AE4A9F172617F158009704BA /* ShapeWithTabView.swift in Sources */,
				AE024A38261526A90005FADC /* ViewController.swift in Sources */,
				AE024A34261526A90005FADC /* AppDelegate.swift in Sources */,
				AE2A6B682627B1E300C14E74 /* CustomPolygons.swift in Sources */,
				AE024A36261526A90005FADC /* SceneDelegate.swift in Sources */,
				AE024A71261531870005FADC /* MyTabBarController.swift in Sources */,
			);
			runOnlyForDeploymentPostprocessing = 0;
		};
		AE024A42261526AC0005FADC /* Sources */ = {
			isa = PBXSourcesBuildPhase;
			buildActionMask = 2147483647;
			files = (
				AE024A4B261526AC0005FADC /* TabBarControllerTests.swift in Sources */,
			);
			runOnlyForDeploymentPostprocessing = 0;
		};
		AE024A4D261526AC0005FADC /* Sources */ = {
			isa = PBXSourcesBuildPhase;
			buildActionMask = 2147483647;
			files = (
				AE024A56261526AD0005FADC /* TabBarControllerUITests.swift in Sources */,
			);
			runOnlyForDeploymentPostprocessing = 0;
		};
/* End PBXSourcesBuildPhase section */

/* Begin PBXTargetDependency section */
		AE024A48261526AC0005FADC /* PBXTargetDependency */ = {
			isa = PBXTargetDependency;
			target = AE024A2F261526A90005FADC /* TabBarController */;
			targetProxy = AE024A47261526AC0005FADC /* PBXContainerItemProxy */;
		};
		AE024A53261526AC0005FADC /* PBXTargetDependency */ = {
			isa = PBXTargetDependency;
			target = AE024A2F261526A90005FADC /* TabBarController */;
			targetProxy = AE024A52261526AC0005FADC /* PBXContainerItemProxy */;
		};
/* End PBXTargetDependency section */

/* Begin PBXVariantGroup section */
		AE024A39261526A90005FADC /* Main.storyboard */ = {
			isa = PBXVariantGroup;
			children = (
				AE024A3A261526A90005FADC /* Base */,
			);
			name = Main.storyboard;
			sourceTree = "<group>";
		};
		AE024A3E261526AC0005FADC /* LaunchScreen.storyboard */ = {
			isa = PBXVariantGroup;
			children = (
				AE024A3F261526AC0005FADC /* Base */,
			);
			name = LaunchScreen.storyboard;
			sourceTree = "<group>";
		};
/* End PBXVariantGroup section */

/* Begin XCBuildConfiguration section */
		AE024A58261526AD0005FADC /* Debug */ = {
			isa = XCBuildConfiguration;
			buildSettings = {
				ALWAYS_SEARCH_USER_PATHS = NO;
				CLANG_ANALYZER_NONNULL = YES;
				CLANG_ANALYZER_NUMBER_OBJECT_CONVERSION = YES_AGGRESSIVE;
				CLANG_CXX_LANGUAGE_STANDARD = "gnu++14";
				CLANG_CXX_LIBRARY = "libc++";
				CLANG_ENABLE_MODULES = YES;
				CLANG_ENABLE_OBJC_ARC = YES;
				CLANG_ENABLE_OBJC_WEAK = YES;
				CLANG_WARN_BLOCK_CAPTURE_AUTORELEASING = YES;
				CLANG_WARN_BOOL_CONVERSION = YES;
				CLANG_WARN_COMMA = YES;
				CLANG_WARN_CONSTANT_CONVERSION = YES;
				CLANG_WARN_DEPRECATED_OBJC_IMPLEMENTATIONS = YES;
				CLANG_WARN_DIRECT_OBJC_ISA_USAGE = YES_ERROR;
				CLANG_WARN_DOCUMENTATION_COMMENTS = YES;
				CLANG_WARN_EMPTY_BODY = YES;
				CLANG_WARN_ENUM_CONVERSION = YES;
				CLANG_WARN_INFINITE_RECURSION = YES;
				CLANG_WARN_INT_CONVERSION = YES;
				CLANG_WARN_NON_LITERAL_NULL_CONVERSION = YES;
				CLANG_WARN_OBJC_IMPLICIT_RETAIN_SELF = YES;
				CLANG_WARN_OBJC_LITERAL_CONVERSION = YES;
				CLANG_WARN_OBJC_ROOT_CLASS = YES_ERROR;
				CLANG_WARN_QUOTED_INCLUDE_IN_FRAMEWORK_HEADER = YES;
				CLANG_WARN_RANGE_LOOP_ANALYSIS = YES;
				CLANG_WARN_STRICT_PROTOTYPES = YES;
				CLANG_WARN_SUSPICIOUS_MOVE = YES;
				CLANG_WARN_UNGUARDED_AVAILABILITY = YES_AGGRESSIVE;
				CLANG_WARN_UNREACHABLE_CODE = YES;
				CLANG_WARN__DUPLICATE_METHOD_MATCH = YES;
				COPY_PHASE_STRIP = NO;
				DEBUG_INFORMATION_FORMAT = dwarf;
				ENABLE_STRICT_OBJC_MSGSEND = YES;
				ENABLE_TESTABILITY = YES;
				GCC_C_LANGUAGE_STANDARD = gnu11;
				GCC_DYNAMIC_NO_PIC = NO;
				GCC_NO_COMMON_BLOCKS = YES;
				GCC_OPTIMIZATION_LEVEL = 0;
				GCC_PREPROCESSOR_DEFINITIONS = (
					"DEBUG=1",
					"$(inherited)",
				);
				GCC_WARN_64_TO_32_BIT_CONVERSION = YES;
				GCC_WARN_ABOUT_RETURN_TYPE = YES_ERROR;
				GCC_WARN_UNDECLARED_SELECTOR = YES;
				GCC_WARN_UNINITIALIZED_AUTOS = YES_AGGRESSIVE;
				GCC_WARN_UNUSED_FUNCTION = YES;
				GCC_WARN_UNUSED_VARIABLE = YES;
				IPHONEOS_DEPLOYMENT_TARGET = 14.4;
				MTL_ENABLE_DEBUG_INFO = INCLUDE_SOURCE;
				MTL_FAST_MATH = YES;
				ONLY_ACTIVE_ARCH = YES;
				SDKROOT = iphoneos;
				SWIFT_ACTIVE_COMPILATION_CONDITIONS = DEBUG;
				SWIFT_OPTIMIZATION_LEVEL = "-Onone";
			};
			name = Debug;
		};
		AE024A59261526AD0005FADC /* Release */ = {
			isa = XCBuildConfiguration;
			buildSettings = {
				ALWAYS_SEARCH_USER_PATHS = NO;
				CLANG_ANALYZER_NONNULL = YES;
				CLANG_ANALYZER_NUMBER_OBJECT_CONVERSION = YES_AGGRESSIVE;
				CLANG_CXX_LANGUAGE_STANDARD = "gnu++14";
				CLANG_CXX_LIBRARY = "libc++";
				CLANG_ENABLE_MODULES = YES;
				CLANG_ENABLE_OBJC_ARC = YES;
				CLANG_ENABLE_OBJC_WEAK = YES;
				CLANG_WARN_BLOCK_CAPTURE_AUTORELEASING = YES;
				CLANG_WARN_BOOL_CONVERSION = YES;
				CLANG_WARN_COMMA = YES;
				CLANG_WARN_CONSTANT_CONVERSION = YES;
				CLANG_WARN_DEPRECATED_OBJC_IMPLEMENTATIONS = YES;
				CLANG_WARN_DIRECT_OBJC_ISA_USAGE = YES_ERROR;
				CLANG_WARN_DOCUMENTATION_COMMENTS = YES;
				CLANG_WARN_EMPTY_BODY = YES;
				CLANG_WARN_ENUM_CONVERSION = YES;
				CLANG_WARN_INFINITE_RECURSION = YES;
				CLANG_WARN_INT_CONVERSION = YES;
				CLANG_WARN_NON_LITERAL_NULL_CONVERSION = YES;
				CLANG_WARN_OBJC_IMPLICIT_RETAIN_SELF = YES;
				CLANG_WARN_OBJC_LITERAL_CONVERSION = YES;
				CLANG_WARN_OBJC_ROOT_CLASS = YES_ERROR;
				CLANG_WARN_QUOTED_INCLUDE_IN_FRAMEWORK_HEADER = YES;
				CLANG_WARN_RANGE_LOOP_ANALYSIS = YES;
				CLANG_WARN_STRICT_PROTOTYPES = YES;
				CLANG_WARN_SUSPICIOUS_MOVE = YES;
				CLANG_WARN_UNGUARDED_AVAILABILITY = YES_AGGRESSIVE;
				CLANG_WARN_UNREACHABLE_CODE = YES;
				CLANG_WARN__DUPLICATE_METHOD_MATCH = YES;
				COPY_PHASE_STRIP = NO;
				DEBUG_INFORMATION_FORMAT = "dwarf-with-dsym";
				ENABLE_NS_ASSERTIONS = NO;
				ENABLE_STRICT_OBJC_MSGSEND = YES;
				GCC_C_LANGUAGE_STANDARD = gnu11;
				GCC_NO_COMMON_BLOCKS = YES;
				GCC_WARN_64_TO_32_BIT_CONVERSION = YES;
				GCC_WARN_ABOUT_RETURN_TYPE = YES_ERROR;
				GCC_WARN_UNDECLARED_SELECTOR = YES;
				GCC_WARN_UNINITIALIZED_AUTOS = YES_AGGRESSIVE;
				GCC_WARN_UNUSED_FUNCTION = YES;
				GCC_WARN_UNUSED_VARIABLE = YES;
				IPHONEOS_DEPLOYMENT_TARGET = 14.4;
				MTL_ENABLE_DEBUG_INFO = NO;
				MTL_FAST_MATH = YES;
				SDKROOT = iphoneos;
				SWIFT_COMPILATION_MODE = wholemodule;
				SWIFT_OPTIMIZATION_LEVEL = "-O";
				VALIDATE_PRODUCT = YES;
			};
			name = Release;
		};
		AE024A5B261526AD0005FADC /* Debug */ = {
			isa = XCBuildConfiguration;
			buildSettings = {
				ASSETCATALOG_COMPILER_APPICON_NAME = AppIcon;
				ASSETCATALOG_COMPILER_GLOBAL_ACCENT_COLOR_NAME = AccentColor;
				CODE_SIGN_STYLE = Automatic;
				INFOPLIST_FILE = TabBarController/Info.plist;
				LD_RUNPATH_SEARCH_PATHS = (
					"$(inherited)",
					"@executable_path/Frameworks",
				);
				PRODUCT_BUNDLE_IDENTIFIER = com.wareto.TabBarController;
				PRODUCT_NAME = "$(TARGET_NAME)";
				SWIFT_VERSION = 5.0;
				TARGETED_DEVICE_FAMILY = "1,2";
			};
			name = Debug;
		};
		AE024A5C261526AD0005FADC /* Release */ = {
			isa = XCBuildConfiguration;
			buildSettings = {
				ASSETCATALOG_COMPILER_APPICON_NAME = AppIcon;
				ASSETCATALOG_COMPILER_GLOBAL_ACCENT_COLOR_NAME = AccentColor;
				CODE_SIGN_STYLE = Automatic;
				INFOPLIST_FILE = TabBarController/Info.plist;
				LD_RUNPATH_SEARCH_PATHS = (
					"$(inherited)",
					"@executable_path/Frameworks",
				);
				PRODUCT_BUNDLE_IDENTIFIER = com.wareto.TabBarController;
				PRODUCT_NAME = "$(TARGET_NAME)";
				SWIFT_VERSION = 5.0;
				TARGETED_DEVICE_FAMILY = "1,2";
			};
			name = Release;
		};
		AE024A5E261526AD0005FADC /* Debug */ = {
			isa = XCBuildConfiguration;
			buildSettings = {
				ALWAYS_EMBED_SWIFT_STANDARD_LIBRARIES = YES;
				BUNDLE_LOADER = "$(TEST_HOST)";
				CODE_SIGN_STYLE = Automatic;
				INFOPLIST_FILE = TabBarControllerTests/Info.plist;
				IPHONEOS_DEPLOYMENT_TARGET = 14.4;
				LD_RUNPATH_SEARCH_PATHS = (
					"$(inherited)",
					"@executable_path/Frameworks",
					"@loader_path/Frameworks",
				);
				PRODUCT_BUNDLE_IDENTIFIER = com.wareto.TabBarControllerTests;
				PRODUCT_NAME = "$(TARGET_NAME)";
				SWIFT_VERSION = 5.0;
				TARGETED_DEVICE_FAMILY = "1,2";
				TEST_HOST = "$(BUILT_PRODUCTS_DIR)/TabBarController.app/TabBarController";
			};
			name = Debug;
		};
		AE024A5F261526AD0005FADC /* Release */ = {
			isa = XCBuildConfiguration;
			buildSettings = {
				ALWAYS_EMBED_SWIFT_STANDARD_LIBRARIES = YES;
				BUNDLE_LOADER = "$(TEST_HOST)";
				CODE_SIGN_STYLE = Automatic;
				INFOPLIST_FILE = TabBarControllerTests/Info.plist;
				IPHONEOS_DEPLOYMENT_TARGET = 14.4;
				LD_RUNPATH_SEARCH_PATHS = (
					"$(inherited)",
					"@executable_path/Frameworks",
					"@loader_path/Frameworks",
				);
				PRODUCT_BUNDLE_IDENTIFIER = com.wareto.TabBarControllerTests;
				PRODUCT_NAME = "$(TARGET_NAME)";
				SWIFT_VERSION = 5.0;
				TARGETED_DEVICE_FAMILY = "1,2";
				TEST_HOST = "$(BUILT_PRODUCTS_DIR)/TabBarController.app/TabBarController";
			};
			name = Release;
		};
		AE024A61261526AD0005FADC /* Debug */ = {
			isa = XCBuildConfiguration;
			buildSettings = {
				ALWAYS_EMBED_SWIFT_STANDARD_LIBRARIES = YES;
				CODE_SIGN_STYLE = Automatic;
				INFOPLIST_FILE = TabBarControllerUITests/Info.plist;
				LD_RUNPATH_SEARCH_PATHS = (
					"$(inherited)",
					"@executable_path/Frameworks",
					"@loader_path/Frameworks",
				);
				PRODUCT_BUNDLE_IDENTIFIER = com.wareto.TabBarControllerUITests;
				PRODUCT_NAME = "$(TARGET_NAME)";
				SWIFT_VERSION = 5.0;
				TARGETED_DEVICE_FAMILY = "1,2";
				TEST_TARGET_NAME = TabBarController;
			};
			name = Debug;
		};
		AE024A62261526AD0005FADC /* Release */ = {
			isa = XCBuildConfiguration;
			buildSettings = {
				ALWAYS_EMBED_SWIFT_STANDARD_LIBRARIES = YES;
				CODE_SIGN_STYLE = Automatic;
				INFOPLIST_FILE = TabBarControllerUITests/Info.plist;
				LD_RUNPATH_SEARCH_PATHS = (
					"$(inherited)",
					"@executable_path/Frameworks",
					"@loader_path/Frameworks",
				);
				PRODUCT_BUNDLE_IDENTIFIER = com.wareto.TabBarControllerUITests;
				PRODUCT_NAME = "$(TARGET_NAME)";
				SWIFT_VERSION = 5.0;
				TARGETED_DEVICE_FAMILY = "1,2";
				TEST_TARGET_NAME = TabBarController;
			};
			name = Release;
		};
/* End XCBuildConfiguration section */

/* Begin XCConfigurationList section */
		AE024A2B261526A90005FADC /* Build configuration list for PBXProject "TabBarController" */ = {
			isa = XCConfigurationList;
			buildConfigurations = (
				AE024A58261526AD0005FADC /* Debug */,
				AE024A59261526AD0005FADC /* Release */,
			);
			defaultConfigurationIsVisible = 0;
			defaultConfigurationName = Release;
		};
		AE024A5A261526AD0005FADC /* Build configuration list for PBXNativeTarget "TabBarController" */ = {
			isa = XCConfigurationList;
			buildConfigurations = (
				AE024A5B261526AD0005FADC /* Debug */,
				AE024A5C261526AD0005FADC /* Release */,
			);
			defaultConfigurationIsVisible = 0;
			defaultConfigurationName = Release;
		};
		AE024A5D261526AD0005FADC /* Build configuration list for PBXNativeTarget "TabBarControllerTests" */ = {
			isa = XCConfigurationList;
			buildConfigurations = (
				AE024A5E261526AD0005FADC /* Debug */,
				AE024A5F261526AD0005FADC /* Release */,
			);
			defaultConfigurationIsVisible = 0;
			defaultConfigurationName = Release;
		};
		AE024A60261526AD0005FADC /* Build configuration list for PBXNativeTarget "TabBarControllerUITests" */ = {
			isa = XCConfigurationList;
			buildConfigurations = (
				AE024A61261526AD0005FADC /* Debug */,
				AE024A62261526AD0005FADC /* Release */,
			);
			defaultConfigurationIsVisible = 0;
			defaultConfigurationName = Release;
		};
/* End XCConfigurationList section */
	};
	rootObject = AE024A28261526A90005FADC /* Project object */;
}
